// !$*UTF8*$!
{
	archiveVersion = 1;
	classes = {
	};
	objectVersion = 56;
	objects = {

/* Begin PBXBuildFile section */
		B8313C302EA69AB200CFF37E /* AdaptiveColumnApp.swift in Sources */ = {isa = PBXBuildFile; fileRef = B8313C2F2EA69AB200CFF37E /* AdaptiveColumnApp.swift */; };
		B8313C322EA69AB200CFF37E /* ContentView.swift in Sources */ = {isa = PBXBuildFile; fileRef = B8313C312EA69AB200CFF37E /* ContentView.swift */; };
		B8313C342EA69AB400CFF37E /* Assets.xcassets in Resources */ = {isa = PBXBuildFile; fileRef = B8313C332EA69AB400CFF37E /* Assets.xcassets */; };
		B8313C372EA69AB400CFF37E /* Preview Assets.xcassets in Resources */ = {isa = PBXBuildFile; fileRef = B8313C362EA69AB400CFF37E /* Preview Assets.xcassets */; };
		B8313C412EA69AB400CFF37E /* AdaptiveColumnTests.swift in Sources */ = {isa = PBXBuildFile; fileRef = B8313C402EA69AB400CFF37E /* AdaptiveColumnTests.swift */; };
		B8313C4B2EA69AB400CFF37E /* AdaptiveColumnUITests.swift in Sources */ = {isa = PBXBuildFile; fileRef = B8313C4A2EA69AB400CFF37E /* AdaptiveColumnUITests.swift */; };
		B8313C4D2EA69AB400CFF37E /* AdaptiveColumnUITestsLaunchTests.swift in Sources */ = {isa = PBXBuildFile; fileRef = B8313C4C2EA69AB400CFF37E /* AdaptiveColumnUITestsLaunchTests.swift */; };
/* End PBXBuildFile section */

/* Begin PBXContainerItemProxy section */
		B8313C3D2EA69AB400CFF37E /* PBXContainerItemProxy */ = {
			isa = PBXContainerItemProxy;
			containerPortal = B8313C242EA69AB200CFF37E /* Project object */;
			proxyType = 1;
			remoteGlobalIDString = B8313C2B2EA69AB200CFF37E;
			remoteInfo = AdaptiveColumn;
		};
		B8313C472EA69AB400CFF37E /* PBXContainerItemProxy */ = {
			isa = PBXContainerItemProxy;
			containerPortal = B8313C242EA69AB200CFF37E /* Project object */;
			proxyType = 1;
			remoteGlobalIDString = B8313C2B2EA69AB200CFF37E;
			remoteInfo = AdaptiveColumn;
		};
/* End PBXContainerItemProxy section */

/* Begin PBXFileReference section */
		B8313C2C2EA69AB200CFF37E /* AdaptiveColumn.app */ = {isa = PBXFileReference; explicitFileType = wrapper.application; includeInIndex = 0; path = AdaptiveColumn.app; sourceTree = BUILT_PRODUCTS_DIR; };
		B8313C2F2EA69AB200CFF37E /* AdaptiveColumnApp.swift */ = {isa = PBXFileReference; lastKnownFileType = sourcecode.swift; path = AdaptiveColumnApp.swift; sourceTree = "<group>"; };
		B8313C312EA69AB200CFF37E /* ContentView.swift */ = {isa = PBXFileReference; lastKnownFileType = sourcecode.swift; path = ContentView.swift; sourceTree = "<group>"; };
		B8313C332EA69AB400CFF37E /* Assets.xcassets */ = {isa = PBXFileReference; lastKnownFileType = folder.assetcatalog; path = Assets.xcassets; sourceTree = "<group>"; };
		B8313C362EA69AB400CFF37E /* Preview Assets.xcassets */ = {isa = PBXFileReference; lastKnownFileType = folder.assetcatalog; path = "Preview Assets.xcassets"; sourceTree = "<group>"; };
		B8313C3C2EA69AB400CFF37E /* AdaptiveColumnTests.xctest */ = {isa = PBXFileReference; explicitFileType = wrapper.cfbundle; includeInIndex = 0; path = AdaptiveColumnTests.xctest; sourceTree = BUILT_PRODUCTS_DIR; };
		B8313C402EA69AB400CFF37E /* AdaptiveColumnTests.swift */ = {isa = PBXFileReference; lastKnownFileType = sourcecode.swift; path = AdaptiveColumnTests.swift; sourceTree = "<group>"; };
		B8313C462EA69AB400CFF37E /* AdaptiveColumnUITests.xctest */ = {isa = PBXFileReference; explicitFileType = wrapper.cfbundle; includeInIndex = 0; path = AdaptiveColumnUITests.xctest; sourceTree = BUILT_PRODUCTS_DIR; };
		B8313C4A2EA69AB400CFF37E /* AdaptiveColumnUITests.swift */ = {isa = PBXFileReference; lastKnownFileType = sourcecode.swift; path = AdaptiveColumnUITests.swift; sourceTree = "<group>"; };
		B8313C4C2EA69AB400CFF37E /* AdaptiveColumnUITestsLaunchTests.swift */ = {isa = PBXFileReference; lastKnownFileType = sourcecode.swift; path = AdaptiveColumnUITestsLaunchTests.swift; sourceTree = "<group>"; };
/* End PBXFileReference section */

/* Begin PBXFrameworksBuildPhase section */
		B8313C292EA69AB200CFF37E /* Frameworks */ = {
			isa = PBXFrameworksBuildPhase;
			buildActionMask = 2147483647;
			files = (
			);
			runOnlyForDeploymentPostprocessing = 0;
		};
		B8313C392EA69AB400CFF37E /* Frameworks */ = {
			isa = PBXFrameworksBuildPhase;
			buildActionMask = 2147483647;
			files = (
			);
			runOnlyForDeploymentPostprocessing = 0;
		};
		B8313C432EA69AB400CFF37E /* Frameworks */ = {
			isa = PBXFrameworksBuildPhase;
			buildActionMask = 2147483647;
			files = (
			);
			runOnlyForDeploymentPostprocessing = 0;
		};
/* End PBXFrameworksBuildPhase section */

/* Begin PBXGroup section */
		B8313C232EA69AB200CFF37E = {
			isa = PBXGroup;
			children = (
				B8313C2E2EA69AB200CFF37E /* AdaptiveColumn */,
				B8313C3F2EA69AB400CFF37E /* AdaptiveColumnTests */,
				B8313C492EA69AB400CFF37E /* AdaptiveColumnUITests */,
				B8313C2D2EA69AB200CFF37E /* Products */,
			);
			sourceTree = "<group>";
		};
		B8313C2D2EA69AB200CFF37E /* Products */ = {
			isa = PBXGroup;
			children = (
				B8313C2C2EA69AB200CFF37E /* AdaptiveColumn.app */,
				B8313C3C2EA69AB400CFF37E /* AdaptiveColumnTests.xctest */,
				B8313C462EA69AB400CFF37E /* AdaptiveColumnUITests.xctest */,
			);
			name = Products;
			sourceTree = "<group>";
		};
		B8313C2E2EA69AB200CFF37E /* AdaptiveColumn */ = {
			isa = PBXGroup;
			children = (
				B8313C2F2EA69AB200CFF37E /* AdaptiveColumnApp.swift */,
				B8313C312EA69AB200CFF37E /* ContentView.swift */,
				B8313C332EA69AB400CFF37E /* Assets.xcassets */,
				B8313C352EA69AB400CFF37E /* Preview Content */,
			);
			path = AdaptiveColumn;
			sourceTree = "<group>";
		};
		B8313C352EA69AB400CFF37E /* Preview Content */ = {
			isa = PBXGroup;
			children = (
				B8313C362EA69AB400CFF37E /* Preview Assets.xcassets */,
			);
			path = "Preview Content";
			sourceTree = "<group>";
		};
		B8313C3F2EA69AB400CFF37E /* AdaptiveColumnTests */ = {
			isa = PBXGroup;
			children = (
				B8313C402EA69AB400CFF37E /* AdaptiveColumnTests.swift */,
			);
			path = AdaptiveColumnTests;
			sourceTree = "<group>";
		};
		B8313C492EA69AB400CFF37E /* AdaptiveColumnUITests */ = {
			isa = PBXGroup;
			children = (
				B8313C4A2EA69AB400CFF37E /* AdaptiveColumnUITests.swift */,
				B8313C4C2EA69AB400CFF37E /* AdaptiveColumnUITestsLaunchTests.swift */,
			);
			path = AdaptiveColumnUITests;
			sourceTree = "<group>";
		};
/* End PBXGroup section */

/* Begin PBXNativeTarget section */
		B8313C2B2EA69AB200CFF37E /* AdaptiveColumn */ = {
			isa = PBXNativeTarget;
			buildConfigurationList = B8313C502EA69AB400CFF37E /* Build configuration list for PBXNativeTarget "AdaptiveColumn" */;
			buildPhases = (
				B8313C282EA69AB200CFF37E /* Sources */,
				B8313C292EA69AB200CFF37E /* Frameworks */,
				B8313C2A2EA69AB200CFF37E /* Resources */,
			);
			buildRules = (
			);
			dependencies = (
			);
			name = AdaptiveColumn;
			productName = AdaptiveColumn;
			productReference = B8313C2C2EA69AB200CFF37E /* AdaptiveColumn.app */;
			productType = "com.apple.product-type.application";
		};
		B8313C3B2EA69AB400CFF37E /* AdaptiveColumnTests */ = {
			isa = PBXNativeTarget;
			buildConfigurationList = B8313C532EA69AB400CFF37E /* Build configuration list for PBXNativeTarget "AdaptiveColumnTests" */;
			buildPhases = (
				B8313C382EA69AB400CFF37E /* Sources */,
				B8313C392EA69AB400CFF37E /* Frameworks */,
				B8313C3A2EA69AB400CFF37E /* Resources */,
			);
			buildRules = (
			);
			dependencies = (
				B8313C3E2EA69AB400CFF37E /* PBXTargetDependency */,
			);
			name = AdaptiveColumnTests;
			productName = AdaptiveColumnTests;
			productReference = B8313C3C2EA69AB400CFF37E /* AdaptiveColumnTests.xctest */;
			productType = "com.apple.product-type.bundle.unit-test";
		};
		B8313C452EA69AB400CFF37E /* AdaptiveColumnUITests */ = {
			isa = PBXNativeTarget;
			buildConfigurationList = B8313C562EA69AB400CFF37E /* Build configuration list for PBXNativeTarget "AdaptiveColumnUITests" */;
			buildPhases = (
				B8313C422EA69AB400CFF37E /* Sources */,
				B8313C432EA69AB400CFF37E /* Frameworks */,
				B8313C442EA69AB400CFF37E /* Resources */,
			);
			buildRules = (
			);
			dependencies = (
				B8313C482EA69AB400CFF37E /* PBXTargetDependency */,
			);
			name = AdaptiveColumnUITests;
			productName = AdaptiveColumnUITests;
			productReference = B8313C462EA69AB400CFF37E /* AdaptiveColumnUITests.xctest */;
			productType = "com.apple.product-type.bundle.ui-testing";
		};
/* End PBXNativeTarget section */

/* Begin PBXProject section */
		B8313C242EA69AB200CFF37E /* Project object */ = {
			isa = PBXProject;
			attributes = {
				BuildIndependentTargetsInParallel = 1;
				LastSwiftUpdateCheck = 1420;
				LastUpgradeCheck = 1420;
				TargetAttributes = {
					B8313C2B2EA69AB200CFF37E = {
						CreatedOnToolsVersion = 14.2;
					};
					B8313C3B2EA69AB400CFF37E = {
						CreatedOnToolsVersion = 14.2;
						TestTargetID = B8313C2B2EA69AB200CFF37E;
					};
					B8313C452EA69AB400CFF37E = {
						CreatedOnToolsVersion = 14.2;
						TestTargetID = B8313C2B2EA69AB200CFF37E;
					};
				};
			};
			buildConfigurationList = B8313C272EA69AB200CFF37E /* Build configuration list for PBXProject "AdaptiveColumn" */;
			compatibilityVersion = "Xcode 14.0";
			developmentRegion = en;
			hasScannedForEncodings = 0;
			knownRegions = (
				en,
				Base,
			);
			mainGroup = B8313C232EA69AB200CFF37E;
			productRefGroup = B8313C2D2EA69AB200CFF37E /* Products */;
			projectDirPath = "";
			projectRoot = "";
			targets = (
				B8313C2B2EA69AB200CFF37E /* AdaptiveColumn */,
				B8313C3B2EA69AB400CFF37E /* AdaptiveColumnTests */,
				B8313C452EA69AB400CFF37E /* AdaptiveColumnUITests */,
			);
		};
/* End PBXProject section */

/* Begin PBXResourcesBuildPhase section */
		B8313C2A2EA69AB200CFF37E /* Resources */ = {
			isa = PBXResourcesBuildPhase;
			buildActionMask = 2147483647;
			files = (
				B8313C372EA69AB400CFF37E /* Preview Assets.xcassets in Resources */,
				B8313C342EA69AB400CFF37E /* Assets.xcassets in Resources */,
			);
			runOnlyForDeploymentPostprocessing = 0;
		};
		B8313C3A2EA69AB400CFF37E /* Resources */ = {
			isa = PBXResourcesBuildPhase;
			buildActionMask = 2147483647;
			files = (
			);
			runOnlyForDeploymentPostprocessing = 0;
		};
		B8313C442EA69AB400CFF37E /* Resources */ = {
			isa = PBXResourcesBuildPhase;
			buildActionMask = 2147483647;
			files = (
			);
			runOnlyForDeploymentPostprocessing = 0;
		};
/* End PBXResourcesBuildPhase section */

/* Begin PBXSourcesBuildPhase section */
		B8313C282EA69AB200CFF37E /* Sources */ = {
			isa = PBXSourcesBuildPhase;
			buildActionMask = 2147483647;
			files = (
				B8313C322EA69AB200CFF37E /* ContentView.swift in Sources */,
				B8313C302EA69AB200CFF37E /* AdaptiveColumnApp.swift in Sources */,
			);
			runOnlyForDeploymentPostprocessing = 0;
		};
		B8313C382EA69AB400CFF37E /* Sources */ = {
			isa = PBXSourcesBuildPhase;
			buildActionMask = 2147483647;
			files = (
				B8313C412EA69AB400CFF37E /* AdaptiveColumnTests.swift in Sources */,
			);
			runOnlyForDeploymentPostprocessing = 0;
		};
		B8313C422EA69AB400CFF37E /* Sources */ = {
			isa = PBXSourcesBuildPhase;
			buildActionMask = 2147483647;
			files = (
				B8313C4D2EA69AB400CFF37E /* AdaptiveColumnUITestsLaunchTests.swift in Sources */,
				B8313C4B2EA69AB400CFF37E /* AdaptiveColumnUITests.swift in Sources */,
			);
			runOnlyForDeploymentPostprocessing = 0;
		};
/* End PBXSourcesBuildPhase section */

/* Begin PBXTargetDependency section */
		B8313C3E2EA69AB400CFF37E /* PBXTargetDependency */ = {
			isa = PBXTargetDependency;
			target = B8313C2B2EA69AB200CFF37E /* AdaptiveColumn */;
			targetProxy = B8313C3D2EA69AB400CFF37E /* PBXContainerItemProxy */;
		};
		B8313C482EA69AB400CFF37E /* PBXTargetDependency */ = {
			isa = PBXTargetDependency;
			target = B8313C2B2EA69AB200CFF37E /* AdaptiveColumn */;
			targetProxy = B8313C472EA69AB400CFF37E /* PBXContainerItemProxy */;
		};
/* End PBXTargetDependency section */

/* Begin XCBuildConfiguration section */
		B8313C4E2EA69AB400CFF37E /* Debug */ = {
			isa = XCBuildConfiguration;
			buildSettings = {
				ALWAYS_SEARCH_USER_PATHS = NO;
				CLANG_ANALYZER_NONNULL = YES;
				CLANG_ANALYZER_NUMBER_OBJECT_CONVERSION = YES_AGGRESSIVE;
				CLANG_CXX_LANGUAGE_STANDARD = "gnu++20";
				CLANG_ENABLE_MODULES = YES;
				CLANG_ENABLE_OBJC_ARC = YES;
				CLANG_ENABLE_OBJC_WEAK = YES;
				CLANG_WARN_BLOCK_CAPTURE_AUTORELEASING = YES;
				CLANG_WARN_BOOL_CONVERSION = YES;
				CLANG_WARN_COMMA = YES;
				CLANG_WARN_CONSTANT_CONVERSION = YES;
				CLANG_WARN_DEPRECATED_OBJC_IMPLEMENTATIONS = YES;
				CLANG_WARN_DIRECT_OBJC_ISA_USAGE = YES_ERROR;
				CLANG_WARN_DOCUMENTATION_COMMENTS = YES;
				CLANG_WARN_EMPTY_BODY = YES;
				CLANG_WARN_ENUM_CONVERSION = YES;
				CLANG_WARN_INFINITE_RECURSION = YES;
				CLANG_WARN_INT_CONVERSION = YES;
				CLANG_WARN_NON_LITERAL_NULL_CONVERSION = YES;
				CLANG_WARN_OBJC_IMPLICIT_RETAIN_SELF = YES;
				CLANG_WARN_OBJC_LITERAL_CONVERSION = YES;
				CLANG_WARN_OBJC_ROOT_CLASS = YES_ERROR;
				CLANG_WARN_QUOTED_INCLUDE_IN_FRAMEWORK_HEADER = YES;
				CLANG_WARN_RANGE_LOOP_ANALYSIS = YES;
				CLANG_WARN_STRICT_PROTOTYPES = YES;
				CLANG_WARN_SUSPICIOUS_MOVE = YES;
				CLANG_WARN_UNGUARDED_AVAILABILITY = YES_AGGRESSIVE;
				CLANG_WARN_UNREACHABLE_CODE = YES;
				CLANG_WARN__DUPLICATE_METHOD_MATCH = YES;
				COPY_PHASE_STRIP = NO;
				DEBUG_INFORMATION_FORMAT = dwarf;
				ENABLE_STRICT_OBJC_MSGSEND = YES;
				ENABLE_TESTABILITY = YES;
				GCC_C_LANGUAGE_STANDARD = gnu11;
				GCC_DYNAMIC_NO_PIC = NO;
				GCC_NO_COMMON_BLOCKS = YES;
				GCC_OPTIMIZATION_LEVEL = 0;
				GCC_PREPROCESSOR_DEFINITIONS = (
					"DEBUG=1",
					"$(inherited)",
				);
				GCC_WARN_64_TO_32_BIT_CONVERSION = YES;
				GCC_WARN_ABOUT_RETURN_TYPE = YES_ERROR;
				GCC_WARN_UNDECLARED_SELECTOR = YES;
				GCC_WARN_UNINITIALIZED_AUTOS = YES_AGGRESSIVE;
				GCC_WARN_UNUSED_FUNCTION = YES;
				GCC_WARN_UNUSED_VARIABLE = YES;
				IPHONEOS_DEPLOYMENT_TARGET = 16.2;
				MTL_ENABLE_DEBUG_INFO = INCLUDE_SOURCE;
				MTL_FAST_MATH = YES;
				ONLY_ACTIVE_ARCH = YES;
				SDKROOT = iphoneos;
				SWIFT_ACTIVE_COMPILATION_CONDITIONS = DEBUG;
				SWIFT_OPTIMIZATION_LEVEL = "-Onone";
			};
			name = Debug;
		};
		B8313C4F2EA69AB400CFF37E /* Release */ = {
			isa = XCBuildConfiguration;
			buildSettings = {
				ALWAYS_SEARCH_USER_PATHS = NO;
				CLANG_ANALYZER_NONNULL = YES;
				CLANG_ANALYZER_NUMBER_OBJECT_CONVERSION = YES_AGGRESSIVE;
				CLANG_CXX_LANGUAGE_STANDARD = "gnu++20";
				CLANG_ENABLE_MODULES = YES;
				CLANG_ENABLE_OBJC_ARC = YES;
				CLANG_ENABLE_OBJC_WEAK = YES;
				CLANG_WARN_BLOCK_CAPTURE_AUTORELEASING = YES;
				CLANG_WARN_BOOL_CONVERSION = YES;
				CLANG_WARN_COMMA = YES;
				CLANG_WARN_CONSTANT_CONVERSION = YES;
				CLANG_WARN_DEPRECATED_OBJC_IMPLEMENTATIONS = YES;
				CLANG_WARN_DIRECT_OBJC_ISA_USAGE = YES_ERROR;
				CLANG_WARN_DOCUMENTATION_COMMENTS = YES;
				CLANG_WARN_EMPTY_BODY = YES;
				CLANG_WARN_ENUM_CONVERSION = YES;
				CLANG_WARN_INFINITE_RECURSION = YES;
				CLANG_WARN_INT_CONVERSION = YES;
				CLANG_WARN_NON_LITERAL_NULL_CONVERSION = YES;
				CLANG_WARN_OBJC_IMPLICIT_RETAIN_SELF = YES;
				CLANG_WARN_OBJC_LITERAL_CONVERSION = YES;
				CLANG_WARN_OBJC_ROOT_CLASS = YES_ERROR;
				CLANG_WARN_QUOTED_INCLUDE_IN_FRAMEWORK_HEADER = YES;
				CLANG_WARN_RANGE_LOOP_ANALYSIS = YES;
				CLANG_WARN_STRICT_PROTOTYPES = YES;
				CLANG_WARN_SUSPICIOUS_MOVE = YES;
				CLANG_WARN_UNGUARDED_AVAILABILITY = YES_AGGRESSIVE;
				CLANG_WARN_UNREACHABLE_CODE = YES;
				CLANG_WARN__DUPLICATE_METHOD_MATCH = YES;
				COPY_PHASE_STRIP = NO;
				DEBUG_INFORMATION_FORMAT = "dwarf-with-dsym";
				ENABLE_NS_ASSERTIONS = NO;
				ENABLE_STRICT_OBJC_MSGSEND = YES;
				GCC_C_LANGUAGE_STANDARD = gnu11;
				GCC_NO_COMMON_BLOCKS = YES;
				GCC_WARN_64_TO_32_BIT_CONVERSION = YES;
				GCC_WARN_ABOUT_RETURN_TYPE = YES_ERROR;
				GCC_WARN_UNDECLARED_SELECTOR = YES;
				GCC_WARN_UNINITIALIZED_AUTOS = YES_AGGRESSIVE;
				GCC_WARN_UNUSED_FUNCTION = YES;
				GCC_WARN_UNUSED_VARIABLE = YES;
				IPHONEOS_DEPLOYMENT_TARGET = 16.2;
				MTL_ENABLE_DEBUG_INFO = NO;
				MTL_FAST_MATH = YES;
				SDKROOT = iphoneos;
				SWIFT_COMPILATION_MODE = wholemodule;
				SWIFT_OPTIMIZATION_LEVEL = "-O";
				VALIDATE_PRODUCT = YES;
			};
			name = Release;
		};
		B8313C512EA69AB400CFF37E /* Debug */ = {
			isa = XCBuildConfiguration;
			buildSettings = {
				ASSETCATALOG_COMPILER_APPICON_NAME = AppIcon;
				ASSETCATALOG_COMPILER_GLOBAL_ACCENT_COLOR_NAME = AccentColor;
				CODE_SIGN_STYLE = Automatic;
				CURRENT_PROJECT_VERSION = 1;
				DEVELOPMENT_ASSET_PATHS = "\"AdaptiveColumn/Preview Content\"";
				ENABLE_PREVIEWS = YES;
				GENERATE_INFOPLIST_FILE = YES;
				INFOPLIST_KEY_UIApplicationSceneManifest_Generation = YES;
				INFOPLIST_KEY_UIApplicationSupportsIndirectInputEvents = YES;
				INFOPLIST_KEY_UILaunchScreen_Generation = YES;
				INFOPLIST_KEY_UISupportedInterfaceOrientations_iPad = "UIInterfaceOrientationPortrait UIInterfaceOrientationPortraitUpsideDown UIInterfaceOrientationLandscapeLeft UIInterfaceOrientationLandscapeRight";
				INFOPLIST_KEY_UISupportedInterfaceOrientations_iPhone = "UIInterfaceOrientationPortrait UIInterfaceOrientationLandscapeLeft UIInterfaceOrientationLandscapeRight";
				LD_RUNPATH_SEARCH_PATHS = (
					"$(inherited)",
					"@executable_path/Frameworks",
				);
				MARKETING_VERSION = 1.0;
				PRODUCT_BUNDLE_IDENTIFIER = HelloWorldProject.AdaptiveColumn;
				PRODUCT_NAME = "$(TARGET_NAME)";
				SWIFT_EMIT_LOC_STRINGS = YES;
				SWIFT_VERSION = 5.0;
				TARGETED_DEVICE_FAMILY = "1,2";
			};
			name = Debug;
		};
		B8313C522EA69AB400CFF37E /* Release */ = {
			isa = XCBuildConfiguration;
			buildSettings = {
				ASSETCATALOG_COMPILER_APPICON_NAME = AppIcon;
				ASSETCATALOG_COMPILER_GLOBAL_ACCENT_COLOR_NAME = AccentColor;
				CODE_SIGN_STYLE = Automatic;
				CURRENT_PROJECT_VERSION = 1;
				DEVELOPMENT_ASSET_PATHS = "\"AdaptiveColumn/Preview Content\"";
				ENABLE_PREVIEWS = YES;
				GENERATE_INFOPLIST_FILE = YES;
				INFOPLIST_KEY_UIApplicationSceneManifest_Generation = YES;
				INFOPLIST_KEY_UIApplicationSupportsIndirectInputEvents = YES;
				INFOPLIST_KEY_UILaunchScreen_Generation = YES;
				INFOPLIST_KEY_UISupportedInterfaceOrientations_iPad = "UIInterfaceOrientationPortrait UIInterfaceOrientationPortraitUpsideDown UIInterfaceOrientationLandscapeLeft UIInterfaceOrientationLandscapeRight";
				INFOPLIST_KEY_UISupportedInterfaceOrientations_iPhone = "UIInterfaceOrientationPortrait UIInterfaceOrientationLandscapeLeft UIInterfaceOrientationLandscapeRight";
				LD_RUNPATH_SEARCH_PATHS = (
					"$(inherited)",
					"@executable_path/Frameworks",
				);
				MARKETING_VERSION = 1.0;
				PRODUCT_BUNDLE_IDENTIFIER = HelloWorldProject.AdaptiveColumn;
				PRODUCT_NAME = "$(TARGET_NAME)";
				SWIFT_EMIT_LOC_STRINGS = YES;
				SWIFT_VERSION = 5.0;
				TARGETED_DEVICE_FAMILY = "1,2";
			};
			name = Release;
		};
		B8313C542EA69AB400CFF37E /* Debug */ = {
			isa = XCBuildConfiguration;
			buildSettings = {
				ALWAYS_EMBED_SWIFT_STANDARD_LIBRARIES = YES;
				BUNDLE_LOADER = "$(TEST_HOST)";
				CODE_SIGN_STYLE = Automatic;
				CURRENT_PROJECT_VERSION = 1;
				GENERATE_INFOPLIST_FILE = YES;
				IPHONEOS_DEPLOYMENT_TARGET = 16.2;
				MARKETING_VERSION = 1.0;
				PRODUCT_BUNDLE_IDENTIFIER = HelloWorldProject.AdaptiveColumnTests;
				PRODUCT_NAME = "$(TARGET_NAME)";
				SWIFT_EMIT_LOC_STRINGS = NO;
				SWIFT_VERSION = 5.0;
				TARGETED_DEVICE_FAMILY = "1,2";
				TEST_HOST = "$(BUILT_PRODUCTS_DIR)/AdaptiveColumn.app/$(BUNDLE_EXECUTABLE_FOLDER_PATH)/AdaptiveColumn";
			};
			name = Debug;
		};
		B8313C552EA69AB400CFF37E /* Release */ = {
			isa = XCBuildConfiguration;
			buildSettings = {
				ALWAYS_EMBED_SWIFT_STANDARD_LIBRARIES = YES;
				BUNDLE_LOADER = "$(TEST_HOST)";
				CODE_SIGN_STYLE = Automatic;
				CURRENT_PROJECT_VERSION = 1;
				GENERATE_INFOPLIST_FILE = YES;
				IPHONEOS_DEPLOYMENT_TARGET = 16.2;
				MARKETING_VERSION = 1.0;
				PRODUCT_BUNDLE_IDENTIFIER = HelloWorldProject.AdaptiveColumnTests;
				PRODUCT_NAME = "$(TARGET_NAME)";
				SWIFT_EMIT_LOC_STRINGS = NO;
				SWIFT_VERSION = 5.0;
				TARGETED_DEVICE_FAMILY = "1,2";
				TEST_HOST = "$(BUILT_PRODUCTS_DIR)/AdaptiveColumn.app/$(BUNDLE_EXECUTABLE_FOLDER_PATH)/AdaptiveColumn";
			};
			name = Release;
		};
		B8313C572EA69AB400CFF37E /* Debug */ = {
			isa = XCBuildConfiguration;
			buildSettings = {
				ALWAYS_EMBED_SWIFT_STANDARD_LIBRARIES = YES;
				CODE_SIGN_STYLE = Automatic;
				CURRENT_PROJECT_VERSION = 1;
				GENERATE_INFOPLIST_FILE = YES;
				MARKETING_VERSION = 1.0;
				PRODUCT_BUNDLE_IDENTIFIER = HelloWorldProject.AdaptiveColumnUITests;
				PRODUCT_NAME = "$(TARGET_NAME)";
				SWIFT_EMIT_LOC_STRINGS = NO;
				SWIFT_VERSION = 5.0;
				TARGETED_DEVICE_FAMILY = "1,2";
				TEST_TARGET_NAME = AdaptiveColumn;
			};
			name = Debug;
		};
		B8313C582EA69AB400CFF37E /* Release */ = {
			isa = XCBuildConfiguration;
			buildSettings = {
				ALWAYS_EMBED_SWIFT_STANDARD_LIBRARIES = YES;
				CODE_SIGN_STYLE = Automatic;
				CURRENT_PROJECT_VERSION = 1;
				GENERATE_INFOPLIST_FILE = YES;
				MARKETING_VERSION = 1.0;
				PRODUCT_BUNDLE_IDENTIFIER = HelloWorldProject.AdaptiveColumnUITests;
				PRODUCT_NAME = "$(TARGET_NAME)";
				SWIFT_EMIT_LOC_STRINGS = NO;
				SWIFT_VERSION = 5.0;
				TARGETED_DEVICE_FAMILY = "1,2";
				TEST_TARGET_NAME = AdaptiveColumn;
			};
			name = Release;
		};
/* End XCBuildConfiguration section */

/* Begin XCConfigurationList section */
		B8313C272EA69AB200CFF37E /* Build configuration list for PBXProject "AdaptiveColumn" */ = {
			isa = XCConfigurationList;
			buildConfigurations = (
				B8313C4E2EA69AB400CFF37E /* Debug */,
				B8313C4F2EA69AB400CFF37E /* Release */,
			);
			defaultConfigurationIsVisible = 0;
			defaultConfigurationName = Release;
		};
		B8313C502EA69AB400CFF37E /* Build configuration list for PBXNativeTarget "AdaptiveColumn" */ = {
			isa = XCConfigurationList;
			buildConfigurations = (
				B8313C512EA69AB400CFF37E /* Debug */,
				B8313C522EA69AB400CFF37E /* Release */,
			);
			defaultConfigurationIsVisible = 0;
			defaultConfigurationName = Release;
		};
		B8313C532EA69AB400CFF37E /* Build configuration list for PBXNativeTarget "AdaptiveColumnTests" */ = {
			isa = XCConfigurationList;
			buildConfigurations = (
				B8313C542EA69AB400CFF37E /* Debug */,
				B8313C552EA69AB400CFF37E /* Release */,
			);
			defaultConfigurationIsVisible = 0;
			defaultConfigurationName = Release;
		};
		B8313C562EA69AB400CFF37E /* Build configuration list for PBXNativeTarget "AdaptiveColumnUITests" */ = {
			isa = XCConfigurationList;
			buildConfigurations = (
				B8313C572EA69AB400CFF37E /* Debug */,
				B8313C582EA69AB400CFF37E /* Release */,
			);
			defaultConfigurationIsVisible = 0;
			defaultConfigurationName = Release;
		};
/* End XCConfigurationList section */
	};
	rootObject = B8313C242EA69AB200CFF37E /* Project object */;
}
